### YamlMime:PowershellCmdlet
summary: |-
  Disables automatic unlocking for a BitLocker volume.
module: BitLocker
notes: ""
inputs:
- name: <xref href="BitLockerVolume" data-throw-if-not-resolved="False" /><span>[</span><xref href="], String[" data-throw-if-not-resolved="False" /><span>]</span>
  description: ""
outputs:
- name: <xref href="BitLockerVolume" data-throw-if-not-resolved="False" /><span>[</span><span>]</span>
  description: ""
links:
- text: Clear-BitLockerAutoUnlock
  href: ./Clear-BitLockerAutoUnlock.yml
- text: Enable-BitLockerAutoUnlock
  href: ./Enable-BitLockerAutoUnlock.yml
- text: Get-BitLockerVolume
  href: ./Get-BitLockerVolume.yml
syntaxes:
- Disable-BitLockerAutoUnlock [-MountPoint] <String[]> [-WhatIf] [-Confirm] [<CommonParameters>]
examples:
- title: 'Example 1: Disable automatic unlocking for a volume'
  code: |-
    PS C:\> Disable-BitLockerAutoUnlock -MountPoint "E:"
  description: |-
    This command disables automatic unlocking for the specified BitLocker volume.
  summary: ""
parameters:
- type: <xref href="SwitchParameter" data-throw-if-not-resolved="False" />
  name: Confirm
  description: |+
    Prompts you for confirmation before running the cmdlet.

  defaultValue: "False"
  position: Named
  aliases: cf
  parameterValueGroup: ""
- type: <xref href="String" data-throw-if-not-resolved="False" /><span>[</span><span>]</span>
  name: MountPoint
  isRequired: true
  description: |+
    Specifies an array of drive letters or BitLocker volume objects.
    The cmdlet disables automatic unlocking for the volumes specified.
    To obtain a BitLocker volume object, use the **Get-BitLockerVolume** cmdlet.

  defaultValue: None
  pipelineInput: true
  position: "0"
  aliases: ""
  parameterValueGroup: ""
- type: <xref href="SwitchParameter" data-throw-if-not-resolved="False" />
  name: WhatIf
  description: |+
    Shows what would happen if the cmdlet runs.
    The cmdlet is not run.

  defaultValue: "False"
  position: Named
  aliases: wi
  parameterValueGroup: ""
uid: BitLocker.Disable-BitLockerAutoUnlock
name: Disable-BitLockerAutoUnlock
description: |-
  The **Disable-BitLockerAutoUnlock** cmdlet disables automatic unlocking for a volume protected by BitLocker Disk Encryption.
  The cmdlet removes automatic unlocking keys for specified volumes stored on a volume that hosts an operating system.

  You can configure BitLocker to automatically unlock volumes that do not host an operating system.
  After a user unlocks the operating system volume, BitLocker uses encrypted information stored in the registry and volume metadata to access data volumes that use automatic unlocking.

  You can specify a volume by drive letter, or you can specify a BitLocker volume object.
  You must remove automatic unlocking keys before you can disable BitLocker by using the **Disable-BitLocker** cmdlet.
  You can use the **Clear-BitLockerAutoUnlock** cmdlet to remove keys for all the volumes configured to use automatic unlocking instead of just specified volumes.

  For an overview of BitLocker, see [BitLocker Drive Encryption Overview](https://technet.microsoft.com/en-us/library/cc732774.aspx) on TechNet.
metadata:
  description: Use this topic to help manage Windows and Windows Server technologies with Windows PowerShell.
  external help file: BitLocker-help.xml
  Module Name: BitLocker
  ms.date: 12/20/2016
  online version: https://docs.microsoft.com/powershell/module/bitlocker/disable-bitlockerautounlock?view=windowsserver2022-ps&wt.mc_id=ps-gethelp
  schema: 2.0.0
  title: Disable-BitLockerAutoUnlock
