### YamlMime:PowershellCmdlet
summary: |-
  Removes a lock on configuration settings.
module: WebAdministration
notes: ""
syntaxes:
- >-
  Remove-WebConfigurationLock [-Force] [-Location <String[]>] [-Filter] <String[]> [[-PSPath] <String[]>]

   [-WhatIf] [-Confirm] [<CommonParameters>]
examples:
- title: '-------------- EXAMPLE 1: Add and remove configuration locks --------------'
  code: |-
    IIS:\>Add-WebConfigurationLock -Type general -Filter //asp Remove-WebConfigurationLock -Filter //asp Add-WebConfigurationLock -Type inclusive -Filter //asp/@lcid Remove-WebConfigurationLock -Filter //asp/@lcid Add-WebConfigurationLock -Type exclusive -Filter //asp/@lcid
  description: |-
    This example demonstrates how to add and remove configuration locks.
  summary: ""
parameters:
- type: <xref href="SwitchParameter" data-throw-if-not-resolved="False" />
  name: Confirm
  description: |+
    Prompts you for confirmation before running the cmdlet.

  defaultValue: "False"
  position: Named
  aliases: cf
  parameterValueGroup: ""
- type: <xref href="String" data-throw-if-not-resolved="False" /><span>[</span><span>]</span>
  name: Filter
  isRequired: true
  description: |+
    An XPath filter expression.

  defaultValue: None
  pipelineInput: true
  position: "0"
  aliases: ""
  parameterValueGroup: ""
- type: <xref href="SwitchParameter" data-throw-if-not-resolved="False" />
  name: Force
  description: |+
    Specifies that the user is not be prompted for confirmation.

  defaultValue: None
  position: Named
  aliases: ""
  parameterValueGroup: ""
- type: <xref href="String" data-throw-if-not-resolved="False" /><span>[</span><span>]</span>
  name: Location
  description: |+
    Location of the configuration from which the lock is removed.

  defaultValue: None
  pipelineInput: true
  position: Named
  aliases: ""
  parameterValueGroup: ""
- type: <xref href="String" data-throw-if-not-resolved="False" /><span>[</span><span>]</span>
  name: PSPath
  description: |+
    An IIS configuration path to the location.

  defaultValue: None
  pipelineInput: true
  position: "1"
  aliases: ""
  parameterValueGroup: ""
- type: <xref href="SwitchParameter" data-throw-if-not-resolved="False" />
  name: WhatIf
  description: |+
    Shows what would happen if the cmdlet runs.
    The cmdlet is not run.

  defaultValue: "False"
  position: Named
  aliases: wi
  parameterValueGroup: ""
uid: WebAdministration.Remove-WebConfigurationLock
name: Remove-WebConfigurationLock
description: |-
  Removes a lock on configuration settings created that was created by using the Add-WebConfigurationLock cmdlet.
metadata:
  external help file: Microsoft.IIS.PowerShell.Provider.dll-Help.xml
  Module Name: WebAdministration
  online version: https://docs.microsoft.com/powershell/module/webadministration/remove-webconfigurationlock?view=windowsserver2012-ps&wt.mc_id=ps-gethelp
  schema: 2.0.0
