### YamlMime:PowerShellCmdlet1
uid: WebAdministration.Add-WebConfigurationLock
name: Add-WebConfigurationLock
module: WebAdministration
isPreview: false
summary: |-
  Locks an IIS configuration section or element.
description: |-
  The **Add-WebConfigurationLock** cmdlet locks an Internet Information Services (IIS) configuration section, element, or attribute.
parameters:
  cmdletParameters:
  - name: Confirm
    type: <xref href="SwitchParameter" data-throw-if-not-resolved="False" />
    description: |-
      Prompts you for confirmation before running the cmdlet.
    aliases:
    - cf
    defaultValue: "False"
    dontShow: false
    isDynamic: false
    parameterSets:
    - name: (All)
      position: Named
      isRequired: false
      valueFromPipeline: false
      valueFromPipelineByPropertyName: false
      valueFromRemainingArguments: false
    supportsWildcards: false
  - name: Filter
    type: <xref href="String" data-throw-if-not-resolved="False" /><span>[</span><span>]</span>
    description: |-
      Specifies an XPath filter expression.
    defaultValue: None
    dontShow: false
    isDynamic: false
    parameterSets:
    - name: (All)
      position: "0"
      isRequired: true
      valueFromPipeline: false
      valueFromPipelineByPropertyName: true
      valueFromRemainingArguments: false
    supportsWildcards: false
  - name: Force
    type: <xref href="SwitchParameter" data-throw-if-not-resolved="False" />
    description: |-
      Forces the configuration lock.
    defaultValue: None
    dontShow: false
    isDynamic: false
    parameterSets:
    - name: (All)
      position: Named
      isRequired: false
      valueFromPipeline: false
      valueFromPipelineByPropertyName: false
      valueFromRemainingArguments: false
    supportsWildcards: false
  - name: Location
    type: <xref href="String" data-throw-if-not-resolved="False" /><span>[</span><span>]</span>
    description: |-
      Specifies the location at which this cmdlet applies the configuration lock.
    defaultValue: None
    dontShow: false
    isDynamic: false
    parameterSets:
    - name: (All)
      position: Named
      isRequired: false
      valueFromPipeline: false
      valueFromPipelineByPropertyName: true
      valueFromRemainingArguments: false
    supportsWildcards: false
  - name: Passthru
    type: <xref href="SwitchParameter" data-throw-if-not-resolved="False" />
    description: |-
      Passes an object that represents the configuration lock to the pipeline.
    defaultValue: None
    dontShow: false
    isDynamic: false
    parameterSets:
    - name: (All)
      position: Named
      isRequired: false
      valueFromPipeline: false
      valueFromPipelineByPropertyName: false
      valueFromRemainingArguments: false
    supportsWildcards: false
  - name: PSPath
    type: <xref href="String" data-throw-if-not-resolved="False" /><span>[</span><span>]</span>
    description: |-
      Specifies the configuration path.
      This path can be either an IIS configuration path in the format computer name/webroot/apphost, or the IIS module path in the format IIS:\sites\Default Web Site.
    defaultValue: None
    dontShow: false
    isDynamic: false
    parameterSets:
    - name: (All)
      position: "1"
      isRequired: false
      valueFromPipeline: false
      valueFromPipelineByPropertyName: true
      valueFromRemainingArguments: false
    supportsWildcards: false
  - name: Type
    type: <xref href="String" data-throw-if-not-resolved="False" />
    description: |-
      Specifies the type of configuration lock that this cmdlet adds.
    defaultValue: None
    dontShow: false
    isDynamic: false
    parameterSets:
    - name: (All)
      position: Named
      isRequired: true
      valueFromPipeline: false
      valueFromPipelineByPropertyName: true
      valueFromRemainingArguments: false
    supportsWildcards: false
  - name: WhatIf
    type: <xref href="SwitchParameter" data-throw-if-not-resolved="False" />
    description: |-
      Shows what would happen if the cmdlet runs.
      The cmdlet is not run.
    aliases:
    - wi
    defaultValue: "False"
    dontShow: false
    isDynamic: false
    parameterSets:
    - name: (All)
      position: Named
      isRequired: false
      valueFromPipeline: false
      valueFromPipelineByPropertyName: false
      valueFromRemainingArguments: false
    supportsWildcards: false
  commonParameters: |-
    This cmdlet supports the common parameters: -Debug, -ErrorAction, -ErrorVariable,
    -InformationAction, -InformationVariable, -OutBuffer, -OutVariable, -PipelineVariable,
    -ProgressAction, -Verbose, -WarningAction, and -WarningVariable. For more information, see
    [about_CommonParameters](https://go.microsoft.com/fwlink/?LinkID=113216).
syntaxes:
- syntax: |-
    ```Syntax
    Add-WebConfigurationLock
        -Type <String>
        [-Force]
        [-Passthru]
        [-Location <String[]>]
        [-Filter] <String[]>
        [[-PSPath] <String[]>]
        [-WhatIf]
        [-Confirm]
        [<CommonParameters>]
    ```
  parameterSetName: Default
  isDefault: true
examples:
- title: 'Example 1: Add and remove configuration locks'
  description: |-
    ```
    IIS:\> Add-WebConfigurationLock -Type "general" -Filter "//asp"
    IIS:\> Remove-WebConfigurationLock -Filter "//asp"
    IIS:\> Add-WebConfigurationLock -Type "inclusive" -Filter "//asp/@lcid"
    IIS:\> Remove-WebConfigurationLock -Filter "//asp/@lcid"
    IIS:\> Add-WebConfigurationLock -Type "exclusive" -Filter "//asp/@lcid"
    ```

    This example demonstrates how to add and remove inclusive and exclusive locks using a filter.
links:
- text: Get-WebConfigurationLock
  href: ./Get-WebConfigurationLock.yml
- text: Remove-WebConfigurationLock
  href: ./Remove-WebConfigurationLock.yml
metadata:
  description: Use this topic to help manage Windows and Windows Server technologies with Windows PowerShell.
  document type: cmdlet
  external help file: Microsoft.IIS.PowerShell.Provider.dll-Help.xml
  HelpUri: https://learn.microsoft.com/powershell/module/webadministration/add-webconfigurationlock?view=windowsserver2025-ps&wt.mc_id=ps-gethelp
  Module Name: WebAdministration
  ms.date: 12/27/2016
  PlatyPS schema version: 2024-05-01
  title: Add-WebConfigurationLock
