### YamlMime:PowerShellCmdlet1
uid: BitLocker.Disable-BitLockerAutoUnlock
name: Disable-BitLockerAutoUnlock
module: BitLocker
isPreview: false
summary: |-
  Disables automatic unlocking for a BitLocker volume.
description: |-
  The **Disable-BitLockerAutoUnlock** cmdlet disables automatic unlocking for a volume protected by BitLocker Disk Encryption.
  The cmdlet removes automatic unlocking keys for specified volumes stored on a volume that hosts an operating system.

  You can configure BitLocker to automatically unlock volumes that do not host an operating system.
  After a user unlocks the operating system volume, BitLocker uses encrypted information stored in the registry and volume metadata to access data volumes that use automatic unlocking.

  You can specify a volume by drive letter, or you can specify a BitLocker volume object.
  You must remove automatic unlocking keys before you can disable BitLocker by using the **Disable-BitLocker** cmdlet.
  You can use the **Clear-BitLockerAutoUnlock** cmdlet to remove keys for all the volumes configured to use automatic unlocking instead of just specified volumes.

  For an overview of BitLocker, see [BitLocker Drive Encryption Overview](https://technet.microsoft.com/en-us/library/cc732774.aspx) on TechNet.
parameters:
  cmdletParameters:
  - name: Confirm
    type: <xref href="SwitchParameter" data-throw-if-not-resolved="False" />
    description: |-
      Prompts you for confirmation before running the cmdlet.
    aliases:
    - cf
    defaultValue: "False"
    dontShow: false
    isDynamic: false
    parameterSets:
    - name: (All)
      position: Named
      isRequired: false
      valueFromPipeline: false
      valueFromPipelineByPropertyName: false
      valueFromRemainingArguments: false
    supportsWildcards: false
  - name: MountPoint
    type: <xref href="String" data-throw-if-not-resolved="False" /><span>[</span><span>]</span>
    description: |-
      Specifies an array of drive letters or BitLocker volume objects.
      The cmdlet disables automatic unlocking for the volumes specified.
      To obtain a BitLocker volume object, use the **Get-BitLockerVolume** cmdlet.
    defaultValue: None
    dontShow: false
    isDynamic: false
    parameterSets:
    - name: (All)
      position: "0"
      isRequired: true
      valueFromPipeline: true
      valueFromPipelineByPropertyName: true
      valueFromRemainingArguments: false
    supportsWildcards: false
  - name: WhatIf
    type: <xref href="SwitchParameter" data-throw-if-not-resolved="False" />
    description: |-
      Shows what would happen if the cmdlet runs.
      The cmdlet is not run.
    aliases:
    - wi
    defaultValue: "False"
    dontShow: false
    isDynamic: false
    parameterSets:
    - name: (All)
      position: Named
      isRequired: false
      valueFromPipeline: false
      valueFromPipelineByPropertyName: false
      valueFromRemainingArguments: false
    supportsWildcards: false
  commonParameters: |-
    This cmdlet supports the common parameters: -Debug, -ErrorAction, -ErrorVariable,
    -InformationAction, -InformationVariable, -OutBuffer, -OutVariable, -PipelineVariable,
    -ProgressAction, -Verbose, -WarningAction, and -WarningVariable. For more information, see
    [about_CommonParameters](https://go.microsoft.com/fwlink/?LinkID=113216).
syntaxes:
- syntax: |-
    ```Syntax
    Disable-BitLockerAutoUnlock
        [-MountPoint] <String[]>
        [-WhatIf]
        [-Confirm]
        [<CommonParameters>]
    ```
  parameterSetName: Default
  isDefault: true
inputs:
- name: <xref href="BitLockerVolume" data-throw-if-not-resolved="False" />
outputs:
- name: <xref href="BitLockerVolume" data-throw-if-not-resolved="False" />
examples:
- title: 'Example 1: Disable automatic unlocking for a volume'
  description: |-
    ```
    PS C:\> Disable-BitLockerAutoUnlock -MountPoint "E:"
    ```

    This command disables automatic unlocking for the specified BitLocker volume.
links:
- text: Clear-BitLockerAutoUnlock
  href: ./Clear-BitLockerAutoUnlock.yml
- text: Enable-BitLockerAutoUnlock
  href: ./Enable-BitLockerAutoUnlock.yml
- text: Get-BitLockerVolume
  href: ./Get-BitLockerVolume.yml
metadata:
  description: Use this topic to help manage Windows and Windows Server technologies with Windows PowerShell.
  document type: cmdlet
  external help file: BitLocker-help.xml
  HelpUri: https://learn.microsoft.com/powershell/module/bitlocker/disable-bitlockerautounlock?view=windowsserver2016-ps&wt.mc_id=ps-gethelp
  Module Name: BitLocker
  ms.date: 12/20/2016
  PlatyPS schema version: 2024-05-01
  title: Disable-BitLockerAutoUnlock
